Microsoft Visual Studio Solution File, Format Version 12.00
# Visual Studio Version 16
VisualStudioVersion = 16.0.30330.147
MinimumVisualStudioVersion = 10.0.40219.1
Project("{9A19103F-16F7-4668-BE54-9A1E7A4F7556}") = "GeneralStoresIngredientsPatcher", "GeneralStoresIngredientsPatcher\GeneralStoresIngredientsPatcher.csproj", "{8BA2E1B7-DD65-42B6-A780-17E4037A3C1B}"
EndProject
Project("{9A19103F-16F7-4668-BE54-9A1E7A4F7556}") = "Tests", "Tests\Tests.csproj", "{C43314A0-ACE1-4837-B1EA-04B5B5FD0C73}"
EndProject
Project("{2150E333-8FDC-42A3-9474-1A3956D46DE8}") = "Solution Items", "Solution Items", "{3B30903E-15F0-4E13-BB94-0017D92E5A71}"
	ProjectSection(SolutionItems) = preProject
		.releaserc = .releaserc
		.github\workflows\ci-dev.yaml = .github\workflows\ci-dev.yaml
		.github\workflows\ci-prod.yaml = .github\workflows\ci-prod.yaml
		coverlet.runsettings = coverlet.runsettings
		README.md = README.md
		renovate.json = renovate.json
	EndProjectSection
EndProject
Global
	GlobalSection(SolutionConfigurationPlatforms) = preSolution
		Debug|Any CPU = Debug|Any CPU
		Release|Any CPU = Release|Any CPU
	EndGlobalSection
	GlobalSection(ProjectConfigurationPlatforms) = postSolution
		{8BA2E1B7-DD65-42B6-A780-17E4037A3C1B}.Debug|Any CPU.ActiveCfg = Debug|Any CPU
		{8BA2E1B7-DD65-42B6-A780-17E4037A3C1B}.Debug|Any CPU.Build.0 = Debug|Any CPU
		{8BA2E1B7-DD65-42B6-A780-17E4037A3C1B}.Release|Any CPU.ActiveCfg = Release|Any CPU
		{8BA2E1B7-DD65-42B6-A780-17E4037A3C1B}.Release|Any CPU.Build.0 = Release|Any CPU
		{C43314A0-ACE1-4837-B1EA-04B5B5FD0C73}.Debug|Any CPU.ActiveCfg = Debug|Any CPU
		{C43314A0-ACE1-4837-B1EA-04B5B5FD0C73}.Debug|Any CPU.Build.0 = Debug|Any CPU
		{C43314A0-ACE1-4837-B1EA-04B5B5FD0C73}.Release|Any CPU.ActiveCfg = Release|Any CPU
		{C43314A0-ACE1-4837-B1EA-04B5B5FD0C73}.Release|Any CPU.Build.0 = Release|Any CPU
	EndGlobalSection
	GlobalSection(SolutionProperties) = preSolution
		HideSolutionNode = FALSE
	EndGlobalSection
	GlobalSection(ExtensibilityGlobals) = postSolution
		SolutionGuid = {FDEF442E-C313-4914-89D5-54F3BAF7575D}
	EndGlobalSection
EndGlobal
